
Microsoft Visual Studio Solution File, Format Version 12.00
# Visual Studio Version 17
VisualStudioVersion = 17.5.33424.131
MinimumVisualStudioVersion = 10.0.40219.1
Project("{9A19103F-16F7-4668-BE54-9A1E7A4F7556}") = "DG.Sudoku", "src\DG.Sudoku.csproj", "{8EB0712B-DBC3-47E1-AA93-87C6AA1B8D71}"
EndProject
Project("{9A19103F-16F7-4668-BE54-9A1E7A4F7556}") = "DG.Sudoku.Tests", "tests\DG.Sudoku.Tests.csproj", "{C88E68E7-E060-4800-BCF8-98C631F3C809}"
EndProject
Global
	GlobalSection(SolutionConfigurationPlatforms) = preSolution
		Debug|Any CPU = Debug|Any CPU
		Release|Any CPU = Release|Any CPU
	EndGlobalSection
	GlobalSection(ProjectConfigurationPlatforms) = postSolution
		{8EB0712B-DBC3-47E1-AA93-87C6AA1B8D71}.Debug|Any CPU.ActiveCfg = Debug|Any CPU
		{8EB0712B-DBC3-47E1-AA93-87C6AA1B8D71}.Debug|Any CPU.Build.0 = Debug|Any CPU
		{8EB0712B-DBC3-47E1-AA93-87C6AA1B8D71}.Release|Any CPU.ActiveCfg = Release|Any CPU
		{8EB0712B-DBC3-47E1-AA93-87C6AA1B8D71}.Release|Any CPU.Build.0 = Release|Any CPU
		{C88E68E7-E060-4800-BCF8-98C631F3C809}.Debug|Any CPU.ActiveCfg = Debug|Any CPU
		{C88E68E7-E060-4800-BCF8-98C631F3C809}.Debug|Any CPU.Build.0 = Debug|Any CPU
		{C88E68E7-E060-4800-BCF8-98C631F3C809}.Release|Any CPU.ActiveCfg = Release|Any CPU
		{C88E68E7-E060-4800-BCF8-98C631F3C809}.Release|Any CPU.Build.0 = Release|Any CPU
	EndGlobalSection
	GlobalSection(SolutionProperties) = preSolution
		HideSolutionNode = FALSE
	EndGlobalSection
	GlobalSection(ExtensibilityGlobals) = postSolution
		SolutionGuid = {EF06259F-7F40-45F1-BB3C-6A7537347977}
	EndGlobalSection
EndGlobal
